
Microsoft Visual Studio Solution File, Format Version 12.00
# Visual Studio 15
VisualStudioVersion = 15.0.28307.572
MinimumVisualStudioVersion = 10.0.40219.1
Project("{8BC9CEB8-8B4A-11D0-8D11-00A0C91BC942}") = "ospwindll", "ospwindll\ospwindll.vcxproj", "{4687D3F7-A4D2-4EDE-8879-64551C896030}"
	ProjectSection(ProjectDependencies) = postProject
		{95FAD48F-404A-45F9-A265-13E64365DB53} = {95FAD48F-404A-45F9-A265-13E64365DB53}
	EndProjectSection
EndProject
Project("{8BC9CEB8-8B4A-11D0-8D11-00A0C91BC942}") = "ospwintst.native", "ospwintst.native\ospwintst.vcxproj", "{E94FF57C-C4B1-40E5-B682-6E11A33B4A61}"
EndProject
Project("{8BC9CEB8-8B4A-11D0-8D11-00A0C91BC942}") = "ospwinexe", "ospwinexe\ospwinexe.vcxproj", "{E3802FF6-6454-40A4-8EE4-64CC41EE6463}"
	ProjectSection(ProjectDependencies) = postProject
		{4687D3F7-A4D2-4EDE-8879-64551C896030} = {4687D3F7-A4D2-4EDE-8879-64551C896030}
	EndProjectSection
EndProject
Project("{8BC9CEB8-8B4A-11D0-8D11-00A0C91BC942}") = "ospwinlib", "ospwinlib\ospwinlib.vcxproj", "{95FAD48F-404A-45F9-A265-13E64365DB53}"
EndProject
Project("{8BC9CEB8-8B4A-11D0-8D11-00A0C91BC942}") = "osp", "osp\osp.vcxitems", "{27FEA6A7-AF9E-4C80-84A7-9F1BF44E36B5}"
EndProject
Global
	GlobalSection(SharedMSBuildProjectFiles) = preSolution
		osp\osp.vcxitems*{27fea6a7-af9e-4c80-84a7-9f1bf44e36b5}*SharedItemsImports = 9
		osp\osp.vcxitems*{95fad48f-404a-45f9-a265-13e64365db53}*SharedItemsImports = 4
	EndGlobalSection
	GlobalSection(SolutionConfigurationPlatforms) = preSolution
		Debug|x64 = Debug|x64
		Debug|x86 = Debug|x86
		Release|x64 = Release|x64
		Release|x86 = Release|x86
	EndGlobalSection
	GlobalSection(ProjectConfigurationPlatforms) = postSolution
		{4687D3F7-A4D2-4EDE-8879-64551C896030}.Debug|x64.ActiveCfg = Debug|x64
		{4687D3F7-A4D2-4EDE-8879-64551C896030}.Debug|x64.Build.0 = Debug|x64
		{4687D3F7-A4D2-4EDE-8879-64551C896030}.Debug|x86.ActiveCfg = Debug|Win32
		{4687D3F7-A4D2-4EDE-8879-64551C896030}.Debug|x86.Build.0 = Debug|Win32
		{4687D3F7-A4D2-4EDE-8879-64551C896030}.Release|x64.ActiveCfg = Release|x64
		{4687D3F7-A4D2-4EDE-8879-64551C896030}.Release|x64.Build.0 = Release|x64
		{4687D3F7-A4D2-4EDE-8879-64551C896030}.Release|x86.ActiveCfg = Release|Win32
		{4687D3F7-A4D2-4EDE-8879-64551C896030}.Release|x86.Build.0 = Release|Win32
		{E94FF57C-C4B1-40E5-B682-6E11A33B4A61}.Debug|x64.ActiveCfg = Debug|x64
		{E94FF57C-C4B1-40E5-B682-6E11A33B4A61}.Debug|x86.ActiveCfg = Debug|Win32
		{E94FF57C-C4B1-40E5-B682-6E11A33B4A61}.Debug|x86.Build.0 = Debug|Win32
		{E94FF57C-C4B1-40E5-B682-6E11A33B4A61}.Release|x64.ActiveCfg = Release|x64
		{E94FF57C-C4B1-40E5-B682-6E11A33B4A61}.Release|x86.ActiveCfg = Release|Win32
		{E94FF57C-C4B1-40E5-B682-6E11A33B4A61}.Release|x86.Build.0 = Release|Win32
		{E3802FF6-6454-40A4-8EE4-64CC41EE6463}.Debug|x64.ActiveCfg = Debug|x64
		{E3802FF6-6454-40A4-8EE4-64CC41EE6463}.Debug|x64.Build.0 = Debug|x64
		{E3802FF6-6454-40A4-8EE4-64CC41EE6463}.Debug|x86.ActiveCfg = Debug|Win32
		{E3802FF6-6454-40A4-8EE4-64CC41EE6463}.Debug|x86.Build.0 = Debug|Win32
		{E3802FF6-6454-40A4-8EE4-64CC41EE6463}.Release|x64.ActiveCfg = Release|x64
		{E3802FF6-6454-40A4-8EE4-64CC41EE6463}.Release|x64.Build.0 = Release|x64
		{E3802FF6-6454-40A4-8EE4-64CC41EE6463}.Release|x86.ActiveCfg = Release|Win32
		{E3802FF6-6454-40A4-8EE4-64CC41EE6463}.Release|x86.Build.0 = Release|Win32
		{95FAD48F-404A-45F9-A265-13E64365DB53}.Debug|x64.ActiveCfg = Debug|x64
		{95FAD48F-404A-45F9-A265-13E64365DB53}.Debug|x64.Build.0 = Debug|x64
		{95FAD48F-404A-45F9-A265-13E64365DB53}.Debug|x86.ActiveCfg = Debug|Win32
		{95FAD48F-404A-45F9-A265-13E64365DB53}.Debug|x86.Build.0 = Debug|Win32
		{95FAD48F-404A-45F9-A265-13E64365DB53}.Release|x64.ActiveCfg = Release|x64
		{95FAD48F-404A-45F9-A265-13E64365DB53}.Release|x64.Build.0 = Release|x64
		{95FAD48F-404A-45F9-A265-13E64365DB53}.Release|x86.ActiveCfg = Release|Win32
		{95FAD48F-404A-45F9-A265-13E64365DB53}.Release|x86.Build.0 = Release|Win32
	EndGlobalSection
	GlobalSection(SolutionProperties) = preSolution
		HideSolutionNode = FALSE
	EndGlobalSection
	GlobalSection(ExtensibilityGlobals) = postSolution
		SolutionGuid = {C4E7E841-F77B-40C3-AD4D-C03C6E793A5B}
	EndGlobalSection
EndGlobal
